{
  "lockfileVersion": 1,
  "configVersion": 0,
  "workspaces": {
    "": {
      "name": "rpi-audio-encoder",
      "devDependencies": {
        "@biomejs/biome": "2.5.4",
        "htmlhint": "1.9.2",
      },
    },
  },
  "packages": {
    "@biomejs/biome": ["@biomejs/biome@2.5.4", "", { "optionalDependencies": { "@biomejs/cli-darwin-arm64": "2.5.4", "@biomejs/cli-darwin-x64": "2.5.4", "@biomejs/cli-linux-arm64": "2.5.4", "@biomejs/cli-linux-arm64-musl": "2.5.4", "@biomejs/cli-linux-x64": "2.5.4", "@biomejs/cli-linux-x64-musl": "2.5.4", "@biomejs/cli-win32-arm64": "2.5.4", "@biomejs/cli-win32-x64": "2.5.4" }, "bin": { "biome": "bin/biome" } }, "sha512-xy5FNE5kQJKyK5MR1gJy6ztXYx4WBAbYGlK04lMEgmyPRWKybY9NFwiG9yo0XdzOU8Xvhj41u034J1ywfoWfMw=="],

    "@biomejs/cli-darwin-arm64": ["@biomejs/cli-darwin-arm64@2.5.4", "", { "os": "darwin", "cpu": "arm64" }, "sha512-4o3NFRobXHynkgcFVrlZsoDAFtF2ldlEGN8sORSws5ZQqyY4PXnPUIylu4ksfyHuwkfvDREuWh3JK+niRwGq3w=="],

    "@biomejs/cli-darwin-x64": ["@biomejs/cli-darwin-x64@2.5.4", "", { "os": "darwin", "cpu": "x64" }, "sha512-D32P5HkU2Y6PySuC/WsVDTOgsDwVFmujzhhhOQjajtATpVWFDXuVd3oRbsWNSEA+aaFzyzZm22szsyydBYlSyQ=="],

    "@biomejs/cli-linux-arm64": ["@biomejs/cli-linux-arm64@2.5.4", "", { "os": "linux", "cpu": "arm64" }, "sha512-pSEfW7B8kTsXUjUxC1xVVK+y85Ht3C5XxZ9gclmC7/3Ku9Vqz8jmI7k0p/BNIjQ6t4sFERI2sFeH73ybiZl6YQ=="],

    "@biomejs/cli-linux-arm64-musl": ["@biomejs/cli-linux-arm64-musl@2.5.4", "", { "os": "linux", "cpu": "arm64" }, "sha512-Rpm5/AT1m+DlJmUoYvS4/vXc+0tXJPJ2NQz25TGPyHVF5JrWy75PE0GH6kVxsKtQDuCH4OgzquZq0R4kj/wCVg=="],

    "@biomejs/cli-linux-x64": ["@biomejs/cli-linux-x64@2.5.4", "", { "os": "linux", "cpu": "x64" }, "sha512-FNxojWJkL7EajAuzBgoLe0T2G0y112M4lBrDIFl/DomFTx8yqenYOIdsRLNXvOvBBofE8hJi85LjzLmBDpY7/Q=="],

    "@biomejs/cli-linux-x64-musl": ["@biomejs/cli-linux-x64-musl@2.5.4", "", { "os": "linux", "cpu": "x64" }, "sha512-aby/PohmmgbShcHqFsZVzG8H6D98+P+A6xRWRrQcLW1pCjabcov5UUlke4UqNQBYTkDQav+jB4zyyDDeKB2GaA=="],

    "@biomejs/cli-win32-arm64": ["@biomejs/cli-win32-arm64@2.5.4", "", { "os": "win32", "cpu": "arm64" }, "sha512-emoXexPZIPAZkz2RKmA95WJUqK3I5MJNYtwEbL5ESciRzhmFMMyekDhNG8hpeOaK+ZGRDxAU4wvGuA5IHQ0h0w=="],

    "@biomejs/cli-win32-x64": ["@biomejs/cli-win32-x64@2.5.4", "", { "os": "win32", "cpu": "x64" }, "sha512-U1jaluLw1qQc2Tx7/CeSoL9N5XcqIH+GWjpUAy1ouB5nVjSCMNO+NNHdY3RAs8zxNurLWAdj6pehQdCA2zyU+Q=="],

    "@types/sarif": ["@types/sarif@2.1.7", "", {}, "sha512-kRz0VEkJqWLf1LLVN4pT1cg1Z9wAuvI6L97V3m2f5B76Tg8d413ddvLBPTEHAZJlnn4XSvu0FkZtViCQGVyrXQ=="],

    "ansi-styles": ["ansi-styles@4.3.0", "", { "dependencies": { "color-convert": "^2.0.1" } }, "sha512-zbB9rCJAT1rbjiVDb2hqKFHNYLxgtk8NURxZ3IZwD3F6NtxbXZQCnnSi1Lkx+IDohdPlFp222wVALIheZJQSEg=="],

    "async": ["async@3.2.6", "", {}, "sha512-htCUDlxyyCLMgaM3xXg0C0LW2xqfuQ6p05pCEIsXuyQ+a1koYKTuBMzRNwmybfLgvJDMd0r1LTn4+E0Ti6C2AA=="],

    "balanced-match": ["balanced-match@4.0.4", "", {}, "sha512-BLrgEcRTwX2o6gGxGOCNyMvGSp35YofuYzw9h1IMTRmKqttAZZVU67bdb9Pr2vUHA8+j3i2tJfjO6C6+4myGTA=="],

    "brace-expansion": ["brace-expansion@5.0.4", "", { "dependencies": { "balanced-match": "^4.0.2" } }, "sha512-h+DEnpVvxmfVefa4jFbCf5HdH5YMDXRsmKflpf1pILZWRFlTbJpxeU55nJl4Smt5HQaGzg1o6RHFPJaOqnmBDg=="],

    "chalk": ["chalk@4.1.2", "", { "dependencies": { "ansi-styles": "^4.1.0", "supports-color": "^7.1.0" } }, "sha512-oKnbhFyRIXpUuez8iBMmyEa4nbj4IOQyuhc/wy9kY7/WVPcwIO9VA668Pu8RkO7+0G76SLROeyw9CpQ061i4mA=="],

    "color-convert": ["color-convert@2.0.1", "", { "dependencies": { "color-name": "~1.1.4" } }, "sha512-RRECPsj7iu/xb5oKYcsFHSppFNnsj/52OVTRKb4zP5onXwVF3zVmmToNcOfGC+CRDpfK/U584fMg38ZHCaElKQ=="],

    "color-name": ["color-name@1.1.4", "", {}, "sha512-dOy+3AuW3a2wNbZHIuMZpTcgjGuLU/uBL/ubcZF9OXbDo8ff4O8yVp5Bf0efS8uEoYo5q4Fx7dY9OgQGXgAsQA=="],

    "commander": ["commander@11.1.0", "", {}, "sha512-yPVavfyCcRhmorC7rWlkHn15b4wDVgVmBA7kV4QVBsF7kv/9TKJAbAXVTxvTnwP8HHKjRCJDClKbciiYS7p0DQ=="],

    "fs-extra": ["fs-extra@11.3.2", "", { "dependencies": { "graceful-fs": "^4.2.0", "jsonfile": "^6.0.1", "universalify": "^2.0.0" } }, "sha512-Xr9F6z6up6Ws+NjzMCZc6WXg2YFRlrLP9NQDO3VQrWrfiojdhS56TzueT88ze0uBdCTwEIhQ3ptnmKeWGFAe0A=="],

    "glob": ["glob@13.0.6", "", { "dependencies": { "minimatch": "^10.2.2", "minipass": "^7.1.3", "path-scurry": "^2.0.2" } }, "sha512-Wjlyrolmm8uDpm/ogGyXZXb1Z+Ca2B8NbJwqBVg0axK9GbBeoS7yGV6vjXnYdGm6X53iehEuxxbyiKp8QmN4Vw=="],

    "graceful-fs": ["graceful-fs@4.2.11", "", {}, "sha512-RbJ5/jmFcNNCcDV5o9eTnBLJ/HszWV0P73bc+Ff4nS/rJj+YaS6IGyiOL0VoBYX+l1Wrl3k63h/KrH+nhJ0XvQ=="],

    "has-flag": ["has-flag@4.0.0", "", {}, "sha512-EykJT/Q1KjTWctppgIAgfSO0tKVuZUjhgMr17kqTumMl6Afv3EISleU7qZUzoXDFTAHTDC4NOoG/ZxU3EvlMPQ=="],

    "htmlhint": ["htmlhint@1.9.2", "", { "dependencies": { "async": "3.2.6", "chalk": "4.1.2", "commander": "11.1.0", "glob": "^13.0.6", "is-glob": "^4.0.3", "node-sarif-builder": "3.2.0", "strip-json-comments": "3.1.1", "xml": "1.0.1" }, "bin": { "htmlhint": "bin/htmlhint" } }, "sha512-PweWSPA1Pb+AVFIOSpIGu5KhLdmtk/uf/0CpjvrDf6XUWmdTyqUljlylwSxQ0AWLvPGcBxK2n8uISsI4lCOkBQ=="],

    "is-extglob": ["is-extglob@2.1.1", "", {}, "sha512-SbKbANkN603Vi4jEZv49LeVJMn4yGwsbzZworEoyEiutsN3nJYdbO36zfhGJ6QEDpOZIFkDtnq5JRxmvl3jsoQ=="],

    "is-glob": ["is-glob@4.0.3", "", { "dependencies": { "is-extglob": "^2.1.1" } }, "sha512-xelSayHH36ZgE7ZWhli7pW34hNbNl8Ojv5KVmkJD4hBdD3th8Tfk9vYasLM+mXWOZhFkgZfxhLSnrwRr4elSSg=="],

    "jsonfile": ["jsonfile@6.2.0", "", { "dependencies": { "universalify": "^2.0.0" }, "optionalDependencies": { "graceful-fs": "^4.1.6" } }, "sha512-FGuPw30AdOIUTRMC2OMRtQV+jkVj2cfPqSeWXv1NEAJ1qZ5zb1X6z1mFhbfOB/iy3ssJCD+3KuZ8r8C3uVFlAg=="],

    "lru-cache": ["lru-cache@11.2.6", "", {}, "sha512-ESL2CrkS/2wTPfuend7Zhkzo2u0daGJ/A2VucJOgQ/C48S/zB8MMeMHSGKYpXhIjbPxfuezITkaBH1wqv00DDQ=="],

    "minimatch": ["minimatch@10.2.4", "", { "dependencies": { "brace-expansion": "^5.0.2" } }, "sha512-oRjTw/97aTBN0RHbYCdtF1MQfvusSIBQM0IZEgzl6426+8jSC0nF1a/GmnVLpfB9yyr6g6FTqWqiZVbxrtaCIg=="],

    "minipass": ["minipass@7.1.3", "", {}, "sha512-tEBHqDnIoM/1rXME1zgka9g6Q2lcoCkxHLuc7ODJ5BxbP5d4c2Z5cGgtXAku59200Cx7diuHTOYfSBD8n6mm8A=="],

    "node-sarif-builder": ["node-sarif-builder@3.2.0", "", { "dependencies": { "@types/sarif": "^2.1.7", "fs-extra": "^11.1.1" } }, "sha512-kVIOdynrF2CRodHZeP/97Rh1syTUHBNiw17hUCIVhlhEsWlfJm19MuO56s4MdKbr22xWx6mzMnNAgXzVlIYM9Q=="],

    "path-scurry": ["path-scurry@2.0.2", "", { "dependencies": { "lru-cache": "^11.0.0", "minipass": "^7.1.2" } }, "sha512-3O/iVVsJAPsOnpwWIeD+d6z/7PmqApyQePUtCndjatj/9I5LylHvt5qluFaBT3I5h3r1ejfR056c+FCv+NnNXg=="],

    "strip-json-comments": ["strip-json-comments@3.1.1", "", {}, "sha512-6fPc+R4ihwqP6N/aIv2f1gMH8lOVtWQHoqC4yK6oSDVVocumAsfCqjkXnqiYMhmMwS/mEHLp7Vehlt3ql6lEig=="],

    "supports-color": ["supports-color@7.2.0", "", { "dependencies": { "has-flag": "^4.0.0" } }, "sha512-qpCAvRl9stuOHveKsn7HncJRvv501qIacKzQlO/+Lwxc9+0q2wLyv4Dfvt80/DPn2pqOBsJdDiogXGR9+OvwRw=="],

    "universalify": ["universalify@2.0.1", "", {}, "sha512-gptHNQghINnc/vTGIk0SOFGFNXw7JVrlRUtConJRlvaw6DuX0wO5Jeko9sWrMBhh+PsYAZ7oXAiOnf/UKogyiw=="],

    "xml": ["xml@1.0.1", "", {}, "sha512-huCv9IH9Tcf95zuYCsQraZtWnJvBtLVE0QHMOs8bWyZAFZNDcYjsPq1nEx8jKA9y+Beo9v+7OBPRisQTjinQMw=="],
  }
}
